{
  "version": 4,
  "terraform_version": "1.11.3",
  "serial": 95,
  "lineage": "24ba7364-491e-b901-ffab-828c1bb83b14",
  "outputs": {},
  "resources": [
    {
      "mode": "managed",
      "type": "aws_ecr_repository",
      "name": "medusa",
      "provider": "provider[\"registry.terraform.io/hashicorp/aws\"]",
      "instances": [
        {
          "schema_version": 0,
          "attributes": {
            "arn": "arn:aws:ecr:ap-south-1:902651842522:repository/medusa",
            "encryption_configuration": [
              {
                "encryption_type": "AES256",
                "kms_key": ""
              }
            ],
            "force_delete": null,
            "id": "medusa",
            "image_scanning_configuration": [
              {
                "scan_on_push": false
              }
            ],
            "image_tag_mutability": "MUTABLE",
            "name": "medusa",
            "registry_id": "902651842522",
            "repository_url": "902651842522.dkr.ecr.ap-south-1.amazonaws.com/medusa",
            "tags": {
              "Environment": "production",
              "Name": "medusa"
            },
            "tags_all": {
              "Environment": "production",
              "Name": "medusa"
            },
            "timeouts": null
          },
          "sensitive_attributes": [],
          "private": "eyJlMmJmYjczMC1lY2FhLTExZTYtOGY4OC0zNDM2M2JjN2M0YzAiOnsiZGVsZXRlIjoxMjAwMDAwMDAwMDAwfX0="
        }
      ]
    }
  ],
  "check_results": null
}
